
Microsoft Visual Studio Solution File, Format Version 12.00
# Visual Studio Version 16
VisualStudioVersion = 16.0.30523.141
MinimumVisualStudioVersion = 10.0.40219.1
Project("{FAE04EC0-301F-11D3-BF4B-00C04F79EFBC}") = "EmployeesDB", "EmployeesDB\EmployeesDB.csproj", "{35E33072-6CE6-48FC-966F-2687CED679DE}"
EndProject
Global
	GlobalSection(SolutionConfigurationPlatforms) = preSolution
		Debug|Any CPU = Debug|Any CPU
		Release|Any CPU = Release|Any CPU
	EndGlobalSection
	GlobalSection(ProjectConfigurationPlatforms) = postSolution
		{35E33072-6CE6-48FC-966F-2687CED679DE}.Debug|Any CPU.ActiveCfg = Debug|Any CPU
		{35E33072-6CE6-48FC-966F-2687CED679DE}.Debug|Any CPU.Build.0 = Debug|Any CPU
		{35E33072-6CE6-48FC-966F-2687CED679DE}.Release|Any CPU.ActiveCfg = Release|Any CPU
		{35E33072-6CE6-48FC-966F-2687CED679DE}.Release|Any CPU.Build.0 = Release|Any CPU
	EndGlobalSection
	GlobalSection(SolutionProperties) = preSolution
		HideSolutionNode = FALSE
	EndGlobalSection
	GlobalSection(ExtensibilityGlobals) = postSolution
		SolutionGuid = {697AD73A-AE93-4C4A-AAD6-471D8E381C94}
	EndGlobalSection
EndGlobal
